dependencies:
- name: elasticsearch
  repository: https://helm.elastic.co
  version: 7.16.3
- name: postgresql
  repository: https://charts.bitnami.com/bitnami
  version: 11.1.24
digest: sha256:1aa508c8a4f91b65001525c8afea4b8d9c0c7e350c34306659161fa672654fe2
generated: "2022-04-26T15:40:22.947854821+02:00"
