dependencies:
- name: elasticsearch
  repository: https://helm.elastic.co
  version: 7.16.3
- name: postgresql
  repository: https://charts.bitnami.com/bitnami
  version: 11.1.25
digest: sha256:ea6500f04af3c9cb35e5e523a8af453e8e3f0ad8445869c0832dec6f913cb5fd
generated: "2022-04-27T10:57:13.575441318+02:00"
